{
  "nodes": {
    "DSL": {
      "inputs": {
        "cmp-buffer": "cmp-buffer",
        "dracula-nvim": "dracula-nvim",
        "neovim": "neovim",
        "nix-bundler": "nix-bundler",
        "nix-utils": "nix-utils",
        "nixpkgs": "nixpkgs",
        "nvim-cmp": "nvim-cmp",
        "nvim-cmp-lsp": "nvim-cmp-lsp",
        "rnix-lsp": "rnix-lsp",
        "telescope-src": "telescope-src",
        "treesitter-context": "treesitter-context"
      },
      "locked": {
        "lastModified": 1637974150,
        "narHash": "sha256-3t7rbKXOdomoR62p4NryVug8i3Hsw3jnKsKTxxt1wU4=",
        "owner": "DieracDelta",
        "repo": "nix2lua",
        "rev": "256d775a5f858aa8656b3e9589f6b2232f5f5a7b",
        "type": "github"
      },
      "original": {
        "owner": "DieracDelta",
        "ref": "aarch64-darwin",
        "repo": "nix2lua",
        "type": "github"
      }
    },
    "cmp-buffer": {
      "flake": false,
      "locked": {
        "lastModified": 1637614482,
        "narHash": "sha256-FdWs15eTad4igwN5F5+CKxSMQi9eX07BXjM/HgTIURc=",
        "owner": "hrsh7th",
        "repo": "cmp-buffer",
        "rev": "a706dc69c49110038fe570e5c9c33d6d4f67015b",
        "type": "github"
      },
      "original": {
        "owner": "hrsh7th",
        "repo": "cmp-buffer",
        "type": "github"
      }
    },
    "cmp-buffer_2": {
      "flake": false,
      "locked": {
        "lastModified": 1637614482,
        "narHash": "sha256-FdWs15eTad4igwN5F5+CKxSMQi9eX07BXjM/HgTIURc=",
        "owner": "hrsh7th",
        "repo": "cmp-buffer",
        "rev": "a706dc69c49110038fe570e5c9c33d6d4f67015b",
        "type": "github"
      },
      "original": {
        "owner": "hrsh7th",
        "repo": "cmp-buffer",
        "type": "github"
      }
    },
    "cmp-nvim-lsp": {
      "flake": false,
      "locked": {
        "lastModified": 1636543770,
        "narHash": "sha256-jLfW4xoYnEOWa7oWSmkB7vNxu9Jgttbme+nTiAC92so=",
        "owner": "hrsh7th",
        "repo": "cmp-nvim-lsp",
        "rev": "134117299ff9e34adde30a735cd8ca9cf8f3db81",
        "type": "github"
      },
      "original": {
        "owner": "hrsh7th",
        "repo": "cmp-nvim-lsp",
        "type": "github"
      }
    },
    "dracula-nvim": {
      "flake": false,
      "locked": {
        "lastModified": 1637229908,
        "narHash": "sha256-0di1tr9b5A98ZzVN8m0DiF9yX+2BBbbqdZNv5V3mt8g=",
        "owner": "Mofiqul",
        "repo": "dracula.nvim",
        "rev": "b5adde8e2cba18e3c34b1af3fc5577ab3b6fcb77",
        "type": "github"
      },
      "original": {
        "owner": "Mofiqul",
        "repo": "dracula.nvim",
        "type": "github"
      }
    },
    "dracula-nvim_2": {
      "flake": false,
      "locked": {
        "lastModified": 1637229908,
        "narHash": "sha256-0di1tr9b5A98ZzVN8m0DiF9yX+2BBbbqdZNv5V3mt8g=",
        "owner": "Mofiqul",
        "repo": "dracula.nvim",
        "rev": "b5adde8e2cba18e3c34b1af3fc5577ab3b6fcb77",
        "type": "github"
      },
      "original": {
        "owner": "Mofiqul",
        "repo": "dracula.nvim",
        "type": "github"
      }
    },
    "flake-utils": {
      "locked": {
        "lastModified": 1629481132,
        "narHash": "sha256-JHgasjPR0/J1J3DRm4KxM4zTyAj4IOJY8vIl75v/kPI=",
        "owner": "numtide",
        "repo": "flake-utils",
        "rev": "997f7efcb746a9c140ce1f13c72263189225f482",
        "type": "github"
      },
      "original": {
        "owner": "numtide",
        "repo": "flake-utils",
        "type": "github"
      }
    },
    "flake-utils_2": {
      "locked": {
        "lastModified": 1623875721,
        "narHash": "sha256-A8BU7bjS5GirpAUv4QA+QnJ4CceLHkcXdRp4xITDB0s=",
        "owner": "numtide",
        "repo": "flake-utils",
        "rev": "f7e004a55b120c02ecb6219596820fcd32ca8772",
        "type": "github"
      },
      "original": {
        "owner": "numtide",
        "repo": "flake-utils",
        "type": "github"
      }
    },
    "flake-utils_3": {
      "locked": {
        "lastModified": 1637014545,
        "narHash": "sha256-26IZAc5yzlD9FlDT54io1oqG/bBoyka+FJk5guaX4x4=",
        "owner": "numtide",
        "repo": "flake-utils",
        "rev": "bba5dcc8e0b20ab664967ad83d24d64cb64ec4f4",
        "type": "github"
      },
      "original": {
        "owner": "numtide",
        "repo": "flake-utils",
        "type": "github"
      }
    },
    "flake-utils_4": {
      "locked": {
        "lastModified": 1629481132,
        "narHash": "sha256-JHgasjPR0/J1J3DRm4KxM4zTyAj4IOJY8vIl75v/kPI=",
        "owner": "numtide",
        "repo": "flake-utils",
        "rev": "997f7efcb746a9c140ce1f13c72263189225f482",
        "type": "github"
      },
      "original": {
        "owner": "numtide",
        "repo": "flake-utils",
        "type": "github"
      }
    },
    "flake-utils_5": {
      "locked": {
        "lastModified": 1634851050,
        "narHash": "sha256-N83GlSGPJJdcqhUxSCS/WwW5pksYf3VP1M13cDRTSVA=",
        "owner": "numtide",
        "repo": "flake-utils",
        "rev": "c91f3de5adaf1de973b797ef7485e441a65b8935",
        "type": "github"
      },
      "original": {
        "owner": "numtide",
        "repo": "flake-utils",
        "type": "github"
      }
    },
    "naersk": {
      "inputs": {
        "nixpkgs": [
          "DSL",
          "rnix-lsp",
          "nixpkgs"
        ]
      },
      "locked": {
        "lastModified": 1629707199,
        "narHash": "sha256-sGxlmfp5eXL5sAMNqHSb04Zq6gPl+JeltIZ226OYN0w=",
        "owner": "nmattia",
        "repo": "naersk",
        "rev": "df71f5e4babda41cd919a8684b72218e2e809fa9",
        "type": "github"
      },
      "original": {
        "owner": "nmattia",
        "repo": "naersk",
        "type": "github"
      }
    },
    "naersk_2": {
      "inputs": {
        "nixpkgs": [
          "rnix-lsp",
          "nixpkgs"
        ]
      },
      "locked": {
        "lastModified": 1629707199,
        "narHash": "sha256-sGxlmfp5eXL5sAMNqHSb04Zq6gPl+JeltIZ226OYN0w=",
        "owner": "nmattia",
        "repo": "naersk",
        "rev": "df71f5e4babda41cd919a8684b72218e2e809fa9",
        "type": "github"
      },
      "original": {
        "owner": "nmattia",
        "repo": "naersk",
        "type": "github"
      }
    },
    "neovim": {
      "inputs": {
        "flake-utils": "flake-utils",
        "nixpkgs": [
          "DSL",
          "nixpkgs"
        ]
      },
      "locked": {
        "dir": "contrib",
        "lastModified": 1637944485,
        "narHash": "sha256-78FOxFL8UonKZbueovs3Qc55KkTjc5mbqwcKYI/lOqw=",
        "owner": "neovim",
        "repo": "neovim",
        "rev": "afbf89dc0120b1db5782a0bf807dc7c8db70ccf6",
        "type": "github"
      },
      "original": {
        "dir": "contrib",
        "owner": "neovim",
        "repo": "neovim",
        "type": "github"
      }
    },
    "neovim_2": {
      "inputs": {
        "flake-utils": "flake-utils_4",
        "nixpkgs": [
          "nixpkgs"
        ]
      },
      "locked": {
        "dir": "contrib",
        "lastModified": 1635853064,
        "narHash": "sha256-8UaMXPFXigjAlDMIf6gfJUvykv/zJc1GuqJsVmhUlj8=",
        "owner": "neovim",
        "repo": "neovim",
        "rev": "1e1fd71fea739f6a39581e46679f8439ef98430f",
        "type": "github"
      },
      "original": {
        "dir": "contrib",
        "owner": "neovim",
        "ref": "release-0.5",
        "repo": "neovim",
        "type": "github"
      }
    },
    "nix-bundler": {
      "inputs": {
        "nixpkgs": [
          "DSL",
          "nixpkgs"
        ]
      },
      "locked": {
        "lastModified": 1626704917,
        "narHash": "sha256-cJ73kxY5ZCPWQeQZyCSdvkBqjqJkU5wgETBNaXfqF18=",
        "owner": "matthewbauer",
        "repo": "nix-bundle",
        "rev": "223f4ffc4179aa318c34dc873a08cb00090db829",
        "type": "github"
      },
      "original": {
        "owner": "matthewbauer",
        "repo": "nix-bundle",
        "type": "github"
      }
    },
    "nix-utils": {
      "inputs": {
        "flake-utils": "flake-utils_2",
        "nixpkgs": [
          "DSL",
          "nixpkgs"
        ]
      },
      "locked": {
        "lastModified": 1629320623,
        "narHash": "sha256-9G8zo+0nfYAALV5umCyQR/2hVUFNH10JropBkyxZGGw=",
        "owner": "tomberek",
        "repo": "nix-utils",
        "rev": "484ffb709d32cfbf1c93df33fca5ce77f9a399da",
        "type": "github"
      },
      "original": {
        "owner": "tomberek",
        "repo": "nix-utils",
        "type": "github"
      }
    },
    "nix2vim": {
      "inputs": {
        "flake-utils": "flake-utils_5",
        "nixpkgs": [
          "nixpkgs"
        ]
      },
      "locked": {
        "lastModified": 1635494723,
        "narHash": "sha256-7+eJL+oFbCKFQmpkEtBCs5M9TYtrqCBzgip8iYBjezs=",
        "owner": "gytis-ivaskevicius",
        "repo": "nix2vim",
        "rev": "6b1d61f46aa1cda5959b47a9c3045d3e89f6aa24",
        "type": "github"
      },
      "original": {
        "owner": "gytis-ivaskevicius",
        "repo": "nix2vim",
        "type": "github"
      }
    },
    "nixpkgs": {
      "locked": {
        "lastModified": 1637967717,
        "narHash": "sha256-PxrKuOkaUbt5USFdgrUoMc1Z4FTMuJLQn0uqlKwKuus=",
        "owner": "NixOS",
        "repo": "nixpkgs",
        "rev": "bcc1eba8086913106ec094994181cd73a1f9a212",
        "type": "github"
      },
      "original": {
        "owner": "NixOS",
        "ref": "master",
        "repo": "nixpkgs",
        "type": "github"
      }
    },
    "nixpkgs_2": {
      "locked": {
        "lastModified": 1637967717,
        "narHash": "sha256-PxrKuOkaUbt5USFdgrUoMc1Z4FTMuJLQn0uqlKwKuus=",
        "owner": "NixOS",
        "repo": "nixpkgs",
        "rev": "bcc1eba8086913106ec094994181cd73a1f9a212",
        "type": "github"
      },
      "original": {
        "owner": "NixOS",
        "ref": "master",
        "repo": "nixpkgs",
        "type": "github"
      }
    },
    "nvim-cmp": {
      "flake": false,
      "locked": {
        "lastModified": 1637726224,
        "narHash": "sha256-hCPZiJCzeNre7z8e+/+HVOsg2TOPHk9o5kAtHW3rW9M=",
        "owner": "hrsh7th",
        "repo": "nvim-cmp",
        "rev": "2e4270d02843d15510b3549354e238788ca07ca5",
        "type": "github"
      },
      "original": {
        "owner": "hrsh7th",
        "repo": "nvim-cmp",
        "type": "github"
      }
    },
    "nvim-cmp-lsp": {
      "flake": false,
      "locked": {
        "lastModified": 1636543770,
        "narHash": "sha256-jLfW4xoYnEOWa7oWSmkB7vNxu9Jgttbme+nTiAC92so=",
        "owner": "hrsh7th",
        "repo": "cmp-nvim-lsp",
        "rev": "134117299ff9e34adde30a735cd8ca9cf8f3db81",
        "type": "github"
      },
      "original": {
        "owner": "hrsh7th",
        "repo": "cmp-nvim-lsp",
        "type": "github"
      }
    },
    "nvim-cmp_2": {
      "flake": false,
      "locked": {
        "lastModified": 1637726224,
        "narHash": "sha256-hCPZiJCzeNre7z8e+/+HVOsg2TOPHk9o5kAtHW3rW9M=",
        "owner": "hrsh7th",
        "repo": "nvim-cmp",
        "rev": "2e4270d02843d15510b3549354e238788ca07ca5",
        "type": "github"
      },
      "original": {
        "owner": "hrsh7th",
        "repo": "nvim-cmp",
        "type": "github"
      }
    },
    "rnix-lsp": {
      "inputs": {
        "naersk": "naersk",
        "nixpkgs": [
          "DSL",
          "nixpkgs"
        ],
        "utils": "utils"
      },
      "locked": {
        "lastModified": 1636977689,
        "narHash": "sha256-pQmAxKBoEhC851iRsowMErz9CYiJxGpARjhPeSapH1Y=",
        "owner": "nix-community",
        "repo": "rnix-lsp",
        "rev": "9462b0d20325a06f7e43b5a0469ec2c92e60f5fe",
        "type": "github"
      },
      "original": {
        "owner": "nix-community",
        "repo": "rnix-lsp",
        "type": "github"
      }
    },
    "rnix-lsp_2": {
      "inputs": {
        "naersk": "naersk_2",
        "nixpkgs": [
          "nixpkgs"
        ],
        "utils": "utils_2"
      },
      "locked": {
        "lastModified": 1636977689,
        "narHash": "sha256-pQmAxKBoEhC851iRsowMErz9CYiJxGpARjhPeSapH1Y=",
        "owner": "nix-community",
        "repo": "rnix-lsp",
        "rev": "9462b0d20325a06f7e43b5a0469ec2c92e60f5fe",
        "type": "github"
      },
      "original": {
        "owner": "nix-community",
        "repo": "rnix-lsp",
        "type": "github"
      }
    },
    "root": {
      "inputs": {
        "DSL": "DSL",
        "cmp-buffer": "cmp-buffer_2",
        "cmp-nvim-lsp": "cmp-nvim-lsp",
        "dracula-nvim": "dracula-nvim_2",
        "flake-utils": "flake-utils_3",
        "neovim": "neovim_2",
        "nix2vim": "nix2vim",
        "nixpkgs": "nixpkgs_2",
        "nvim-cmp": "nvim-cmp_2",
        "rnix-lsp": "rnix-lsp_2",
        "telescope-src": "telescope-src_2"
      }
    },
    "telescope-src": {
      "flake": false,
      "locked": {
        "lastModified": 1637963031,
        "narHash": "sha256-N0sa8Y9vn/2P8B7O4P/5DBlDYKDyz9uORmATg/WQewY=",
        "owner": "nvim-telescope",
        "repo": "telescope.nvim",
        "rev": "b415e862bf248d66c40e242de4a0c76c68e278f1",
        "type": "github"
      },
      "original": {
        "owner": "nvim-telescope",
        "repo": "telescope.nvim",
        "type": "github"
      }
    },
    "telescope-src_2": {
      "flake": false,
      "locked": {
        "lastModified": 1634073462,
        "narHash": "sha256-0I/iu1V7SqGgrzMfeZ0HbKM0/ygMT9+iXJq2CiMorZs=",
        "owner": "nvim-telescope",
        "repo": "telescope.nvim",
        "rev": "b5c63c6329cff8dd8e23047eecd1f581379f1587",
        "type": "github"
      },
      "original": {
        "owner": "nvim-telescope",
        "repo": "telescope.nvim",
        "rev": "b5c63c6329cff8dd8e23047eecd1f581379f1587",
        "type": "github"
      }
    },
    "treesitter-context": {
      "flake": false,
      "locked": {
        "lastModified": 1633409098,
        "narHash": "sha256-lPKOcmeXyjsEDjdZedxgP6oExV+839cpr9qlpiti43U=",
        "owner": "romgrk",
        "repo": "nvim-treesitter-context",
        "rev": "e1f54e1627176337b3803a11403ac0e9d09de818",
        "type": "github"
      },
      "original": {
        "owner": "romgrk",
        "repo": "nvim-treesitter-context",
        "type": "github"
      }
    },
    "utils": {
      "locked": {
        "lastModified": 1629481132,
        "narHash": "sha256-JHgasjPR0/J1J3DRm4KxM4zTyAj4IOJY8vIl75v/kPI=",
        "owner": "numtide",
        "repo": "flake-utils",
        "rev": "997f7efcb746a9c140ce1f13c72263189225f482",
        "type": "github"
      },
      "original": {
        "owner": "numtide",
        "repo": "flake-utils",
        "type": "github"
      }
    },
    "utils_2": {
      "locked": {
        "lastModified": 1629481132,
        "narHash": "sha256-JHgasjPR0/J1J3DRm4KxM4zTyAj4IOJY8vIl75v/kPI=",
        "owner": "numtide",
        "repo": "flake-utils",
        "rev": "997f7efcb746a9c140ce1f13c72263189225f482",
        "type": "github"
      },
      "original": {
        "owner": "numtide",
        "repo": "flake-utils",
        "type": "github"
      }
    }
  },
  "root": "root",
  "version": 7
}
