{
  "nodes": {
    "DSL": {
      "inputs": {
        "cmp-buffer": "cmp-buffer",
        "dracula-nvim": "dracula-nvim",
        "neovim": "neovim",
        "nix-bundler": "nix-bundler",
        "nix-utils": "nix-utils",
        "nixpkgs": "nixpkgs_4",
        "nvim-cmp": "nvim-cmp",
        "nvim-cmp-lsp": "nvim-cmp-lsp",
        "rnix-lsp": "rnix-lsp",
        "telescope-src": "telescope-src",
        "treesitter-context": "treesitter-context"
      },
      "locked": {
        "lastModified": 1640963363,
        "narHash": "sha256-wzNEsagZ6cYiwnN1xE37IulLHAQsO4ZmDnZZjc+91i8=",
        "owner": "DieracDelta",
        "repo": "nix2lua",
        "rev": "dcf7a75577e8b69723b0cbd40c2fcb43629ee42a",
        "type": "github"
      },
      "original": {
        "owner": "DieracDelta",
        "ref": "aarch64-darwin",
        "repo": "nix2lua",
        "type": "github"
      }
    },
    "blamer-nvim-src": {
      "flake": false,
      "locked": {
        "lastModified": 1637136495,
        "narHash": "sha256-etLCmzOMi7xjYc43ZBqjPnj2gqrrSbmtcKdw6eZT8rM=",
        "owner": "APZelos",
        "repo": "blamer.nvim",
        "rev": "f4eb22a9013642c411725fdda945ae45f8d93181",
        "type": "github"
      },
      "original": {
        "owner": "APZelos",
        "repo": "blamer.nvim",
        "type": "github"
      }
    },
    "cmp-buffer": {
      "flake": false,
      "locked": {
        "lastModified": 1637614482,
        "narHash": "sha256-FdWs15eTad4igwN5F5+CKxSMQi9eX07BXjM/HgTIURc=",
        "owner": "hrsh7th",
        "repo": "cmp-buffer",
        "rev": "a706dc69c49110038fe570e5c9c33d6d4f67015b",
        "type": "github"
      },
      "original": {
        "owner": "hrsh7th",
        "repo": "cmp-buffer",
        "type": "github"
      }
    },
    "cmp-buffer_2": {
      "flake": false,
      "locked": {
        "lastModified": 1641254550,
        "narHash": "sha256-LXNckOkSqRMFWJhBaPUm8el0SgTS2XPvg3N8CEwHLHw=",
        "owner": "hrsh7th",
        "repo": "cmp-buffer",
        "rev": "f83773e2f433a923997c5faad7ea689ec24d1785",
        "type": "github"
      },
      "original": {
        "owner": "hrsh7th",
        "repo": "cmp-buffer",
        "type": "github"
      }
    },
    "cmp-nvim-lsp": {
      "flake": false,
      "locked": {
        "lastModified": 1642242623,
        "narHash": "sha256-itlKrCBo8wMNBCknW+7INOyVmwbcwmkGLzpc2lvvqk4=",
        "owner": "hrsh7th",
        "repo": "cmp-nvim-lsp",
        "rev": "ebdfc204afb87f15ce3d3d3f5df0b8181443b5ba",
        "type": "github"
      },
      "original": {
        "owner": "hrsh7th",
        "repo": "cmp-nvim-lsp",
        "type": "github"
      }
    },
    "comment-nvim-src": {
      "flake": false,
      "locked": {
        "lastModified": 1643446427,
        "narHash": "sha256-OR40uiS5umEIpfjLyULhxg1B2ySSO5CPDJ5S8Ql6Mis=",
        "owner": "numToStr",
        "repo": "Comment.nvim",
        "rev": "22e71071d9473996563464fde19b108e5504f892",
        "type": "github"
      },
      "original": {
        "owner": "numToStr",
        "repo": "Comment.nvim",
        "type": "github"
      }
    },
    "dracula-nvim": {
      "flake": false,
      "locked": {
        "lastModified": 1637229908,
        "narHash": "sha256-0di1tr9b5A98ZzVN8m0DiF9yX+2BBbbqdZNv5V3mt8g=",
        "owner": "Mofiqul",
        "repo": "dracula.nvim",
        "rev": "b5adde8e2cba18e3c34b1af3fc5577ab3b6fcb77",
        "type": "github"
      },
      "original": {
        "owner": "Mofiqul",
        "repo": "dracula.nvim",
        "type": "github"
      }
    },
    "dracula-nvim_2": {
      "flake": false,
      "locked": {
        "lastModified": 1643281801,
        "narHash": "sha256-r1VhURChdutQFO9fiF+YV+MJycuj6xohTmR9DYpUFdk=",
        "owner": "Mofiqul",
        "repo": "dracula.nvim",
        "rev": "a219971291c56bcca3827cb7bd40aaaef23feeca",
        "type": "github"
      },
      "original": {
        "owner": "Mofiqul",
        "repo": "dracula.nvim",
        "type": "github"
      }
    },
    "fidget-src": {
      "flake": false,
      "locked": {
        "lastModified": 1643322126,
        "narHash": "sha256-gi/8unP5e6W05OmHTiljLZGzrLVkqh0LBUu7k3L+Jfw=",
        "owner": "j-hui",
        "repo": "fidget.nvim",
        "rev": "6ec0e07d21b908802ae8a7b69b00d9c4acdd1955",
        "type": "github"
      },
      "original": {
        "owner": "j-hui",
        "repo": "fidget.nvim",
        "type": "github"
      }
    },
    "flake-utils": {
      "locked": {
        "lastModified": 1629481132,
        "narHash": "sha256-JHgasjPR0/J1J3DRm4KxM4zTyAj4IOJY8vIl75v/kPI=",
        "owner": "numtide",
        "repo": "flake-utils",
        "rev": "997f7efcb746a9c140ce1f13c72263189225f482",
        "type": "github"
      },
      "original": {
        "owner": "numtide",
        "repo": "flake-utils",
        "type": "github"
      }
    },
    "flake-utils_2": {
      "locked": {
        "lastModified": 1623875721,
        "narHash": "sha256-A8BU7bjS5GirpAUv4QA+QnJ4CceLHkcXdRp4xITDB0s=",
        "owner": "numtide",
        "repo": "flake-utils",
        "rev": "f7e004a55b120c02ecb6219596820fcd32ca8772",
        "type": "github"
      },
      "original": {
        "owner": "numtide",
        "repo": "flake-utils",
        "type": "github"
      }
    },
    "flake-utils_3": {
      "locked": {
        "lastModified": 1642700792,
        "narHash": "sha256-XqHrk7hFb+zBvRg6Ghl+AZDq03ov6OshJLiSWOoX5es=",
        "owner": "numtide",
        "repo": "flake-utils",
        "rev": "846b2ae0fc4cc943637d3d1def4454213e203cba",
        "type": "github"
      },
      "original": {
        "owner": "numtide",
        "repo": "flake-utils",
        "type": "github"
      }
    },
    "flake-utils_4": {
      "locked": {
        "lastModified": 1629481132,
        "narHash": "sha256-JHgasjPR0/J1J3DRm4KxM4zTyAj4IOJY8vIl75v/kPI=",
        "owner": "numtide",
        "repo": "flake-utils",
        "rev": "997f7efcb746a9c140ce1f13c72263189225f482",
        "type": "github"
      },
      "original": {
        "owner": "numtide",
        "repo": "flake-utils",
        "type": "github"
      }
    },
    "flake-utils_5": {
      "locked": {
        "lastModified": 1634851050,
        "narHash": "sha256-N83GlSGPJJdcqhUxSCS/WwW5pksYf3VP1M13cDRTSVA=",
        "owner": "numtide",
        "repo": "flake-utils",
        "rev": "c91f3de5adaf1de973b797ef7485e441a65b8935",
        "type": "github"
      },
      "original": {
        "owner": "numtide",
        "repo": "flake-utils",
        "type": "github"
      }
    },
    "naersk": {
      "inputs": {
        "nixpkgs": "nixpkgs_5"
      },
      "locked": {
        "lastModified": 1629707199,
        "narHash": "sha256-sGxlmfp5eXL5sAMNqHSb04Zq6gPl+JeltIZ226OYN0w=",
        "owner": "nmattia",
        "repo": "naersk",
        "rev": "df71f5e4babda41cd919a8684b72218e2e809fa9",
        "type": "github"
      },
      "original": {
        "owner": "nmattia",
        "repo": "naersk",
        "type": "github"
      }
    },
    "naersk_2": {
      "inputs": {
        "nixpkgs": "nixpkgs_8"
      },
      "locked": {
        "lastModified": 1639947939,
        "narHash": "sha256-pGsM8haJadVP80GFq4xhnSpNitYNQpaXk4cnA796Cso=",
        "owner": "nix-community",
        "repo": "naersk",
        "rev": "2fc8ce9d3c025d59fee349c1f80be9785049d653",
        "type": "github"
      },
      "original": {
        "owner": "nix-community",
        "repo": "naersk",
        "type": "github"
      }
    },
    "neogen-src": {
      "flake": false,
      "locked": {
        "lastModified": 1643466410,
        "narHash": "sha256-o0FVNM639sEQxvQWUUUfXcDka5p747v52Bz0+6Q0/aI=",
        "owner": "danymat",
        "repo": "neogen",
        "rev": "10f5d4e5e5e3ab11147ebd3e843dcf94905f23b1",
        "type": "github"
      },
      "original": {
        "owner": "danymat",
        "repo": "neogen",
        "type": "github"
      }
    },
    "neovim": {
      "inputs": {
        "flake-utils": "flake-utils",
        "nixpkgs": "nixpkgs"
      },
      "locked": {
        "dir": "contrib",
        "lastModified": 1637944485,
        "narHash": "sha256-78FOxFL8UonKZbueovs3Qc55KkTjc5mbqwcKYI/lOqw=",
        "owner": "neovim",
        "repo": "neovim",
        "rev": "afbf89dc0120b1db5782a0bf807dc7c8db70ccf6",
        "type": "github"
      },
      "original": {
        "dir": "contrib",
        "owner": "neovim",
        "repo": "neovim",
        "type": "github"
      }
    },
    "neovim_2": {
      "inputs": {
        "flake-utils": "flake-utils_4",
        "nixpkgs": [
          "nixpkgs"
        ]
      },
      "locked": {
        "dir": "contrib",
        "lastModified": 1640970141,
        "narHash": "sha256-0XCW047WopPr3pRTy9rF3Ff6MvNRHT4FletzOERD41A=",
        "owner": "neovim",
        "repo": "neovim",
        "rev": "5b839ced692230fe582fde41f79f875ee90451e8",
        "type": "github"
      },
      "original": {
        "dir": "contrib",
        "owner": "neovim",
        "ref": "5b839ced692230fe582fde41f79f875ee90451e8",
        "repo": "neovim",
        "type": "github"
      }
    },
    "nix-bundler": {
      "inputs": {
        "nixpkgs": "nixpkgs_2"
      },
      "locked": {
        "lastModified": 1626704917,
        "narHash": "sha256-cJ73kxY5ZCPWQeQZyCSdvkBqjqJkU5wgETBNaXfqF18=",
        "owner": "matthewbauer",
        "repo": "nix-bundle",
        "rev": "223f4ffc4179aa318c34dc873a08cb00090db829",
        "type": "github"
      },
      "original": {
        "owner": "matthewbauer",
        "repo": "nix-bundle",
        "type": "github"
      }
    },
    "nix-utils": {
      "inputs": {
        "flake-utils": "flake-utils_2",
        "nixpkgs": "nixpkgs_3"
      },
      "locked": {
        "lastModified": 1629320623,
        "narHash": "sha256-9G8zo+0nfYAALV5umCyQR/2hVUFNH10JropBkyxZGGw=",
        "owner": "tomberek",
        "repo": "nix-utils",
        "rev": "484ffb709d32cfbf1c93df33fca5ce77f9a399da",
        "type": "github"
      },
      "original": {
        "owner": "tomberek",
        "repo": "nix-utils",
        "type": "github"
      }
    },
    "nix2vim": {
      "inputs": {
        "flake-utils": "flake-utils_5",
        "nixpkgs": [
          "nixpkgs"
        ]
      },
      "locked": {
        "lastModified": 1635494723,
        "narHash": "sha256-7+eJL+oFbCKFQmpkEtBCs5M9TYtrqCBzgip8iYBjezs=",
        "owner": "gytis-ivaskevicius",
        "repo": "nix2vim",
        "rev": "6b1d61f46aa1cda5959b47a9c3045d3e89f6aa24",
        "type": "github"
      },
      "original": {
        "owner": "gytis-ivaskevicius",
        "repo": "nix2vim",
        "type": "github"
      }
    },
    "nixpkgs": {
      "locked": {
        "lastModified": 1643169865,
        "narHash": "sha256-+KIpNRazbc8Gac9jdWCKQkFv9bjceaLaLhlwqUEYu8c=",
        "owner": "nixos",
        "repo": "nixpkgs",
        "rev": "945ec499041db73043f745fad3b2a3a01e826081",
        "type": "github"
      },
      "original": {
        "owner": "nixos",
        "ref": "nixos-unstable",
        "repo": "nixpkgs",
        "type": "github"
      }
    },
    "nixpkgs_2": {
      "locked": {
        "lastModified": 1620055814,
        "narHash": "sha256-8LEHoYSJiL901bTMVatq+rf8y7QtWuZhwwpKE2fyaRY=",
        "owner": "NixOS",
        "repo": "nixpkgs",
        "rev": "1db42b7fe3878f3f5f7a4f2dc210772fd080e205",
        "type": "github"
      },
      "original": {
        "id": "nixpkgs",
        "ref": "nixos-20.03-small",
        "type": "indirect"
      }
    },
    "nixpkgs_3": {
      "locked": {
        "lastModified": 1643465054,
        "narHash": "sha256-Oi3lORUPt+y4onmXwDDq1BQLY7X9ZKX15lNUISuyXL4=",
        "owner": "nixos",
        "repo": "nixpkgs",
        "rev": "e303529d4077bbc6cd0d985f5b6ababc02de1633",
        "type": "github"
      },
      "original": {
        "owner": "nixos",
        "repo": "nixpkgs",
        "type": "github"
      }
    },
    "nixpkgs_4": {
      "locked": {
        "lastModified": 1637967717,
        "narHash": "sha256-PxrKuOkaUbt5USFdgrUoMc1Z4FTMuJLQn0uqlKwKuus=",
        "owner": "NixOS",
        "repo": "nixpkgs",
        "rev": "bcc1eba8086913106ec094994181cd73a1f9a212",
        "type": "github"
      },
      "original": {
        "owner": "NixOS",
        "ref": "master",
        "repo": "nixpkgs",
        "type": "github"
      }
    },
    "nixpkgs_5": {
      "locked": {
        "lastModified": 1643322911,
        "narHash": "sha256-WLe4lXAYXH/v80iO02npX1wdXq4nIVEHJTONLXbQrL0=",
        "owner": "NixOS",
        "repo": "nixpkgs",
        "rev": "d9e21f284317f85b3476c0043f4efea87a226c3a",
        "type": "github"
      },
      "original": {
        "id": "nixpkgs",
        "type": "indirect"
      }
    },
    "nixpkgs_6": {
      "locked": {
        "lastModified": 1642244250,
        "narHash": "sha256-vWpUEqQdVP4srj+/YLJRTN9vjpTs4je0cdWKXPbDItc=",
        "owner": "nixos",
        "repo": "nixpkgs",
        "rev": "0fd9ee1aa36ce865ad273f4f07fdc093adeb5c00",
        "type": "github"
      },
      "original": {
        "owner": "nixos",
        "ref": "nixos-21.05",
        "repo": "nixpkgs",
        "type": "github"
      }
    },
    "nixpkgs_7": {
      "locked": {
        "lastModified": 1644707347,
        "narHash": "sha256-clQAR0kRTnrFniq/sr74MFK4fpT0ns7CLmMyab14E0U=",
        "owner": "NixOS",
        "repo": "nixpkgs",
        "rev": "098bc43a72bf6be9b007733b7e80e7f46c9abeb8",
        "type": "github"
      },
      "original": {
        "owner": "NixOS",
        "ref": "master",
        "repo": "nixpkgs",
        "type": "github"
      }
    },
    "nixpkgs_8": {
      "locked": {
        "lastModified": 1643322911,
        "narHash": "sha256-WLe4lXAYXH/v80iO02npX1wdXq4nIVEHJTONLXbQrL0=",
        "owner": "NixOS",
        "repo": "nixpkgs",
        "rev": "d9e21f284317f85b3476c0043f4efea87a226c3a",
        "type": "github"
      },
      "original": {
        "id": "nixpkgs",
        "type": "indirect"
      }
    },
    "nixpkgs_9": {
      "locked": {
        "lastModified": 1642190797,
        "narHash": "sha256-cxeEEAtfIACnm8sV1oz0xlNp9IVk10Fxcc09ggoEZuo=",
        "owner": "nixos",
        "repo": "nixpkgs",
        "rev": "3ddd960a3b575bf3230d0e59f42614b71f9e0db9",
        "type": "github"
      },
      "original": {
        "owner": "nixos",
        "ref": "nixos-21.11",
        "repo": "nixpkgs",
        "type": "github"
      }
    },
    "nvim-cmp": {
      "flake": false,
      "locked": {
        "lastModified": 1637726224,
        "narHash": "sha256-hCPZiJCzeNre7z8e+/+HVOsg2TOPHk9o5kAtHW3rW9M=",
        "owner": "hrsh7th",
        "repo": "nvim-cmp",
        "rev": "2e4270d02843d15510b3549354e238788ca07ca5",
        "type": "github"
      },
      "original": {
        "owner": "hrsh7th",
        "repo": "nvim-cmp",
        "type": "github"
      }
    },
    "nvim-cmp-lsp": {
      "flake": false,
      "locked": {
        "lastModified": 1636543770,
        "narHash": "sha256-jLfW4xoYnEOWa7oWSmkB7vNxu9Jgttbme+nTiAC92so=",
        "owner": "hrsh7th",
        "repo": "cmp-nvim-lsp",
        "rev": "134117299ff9e34adde30a735cd8ca9cf8f3db81",
        "type": "github"
      },
      "original": {
        "owner": "hrsh7th",
        "repo": "cmp-nvim-lsp",
        "type": "github"
      }
    },
    "nvim-cmp_2": {
      "flake": false,
      "locked": {
        "lastModified": 1643095641,
        "narHash": "sha256-wF1LDVSozWZOGL9J01/rRVdx2JsTpaaKHxMufG+pxL4=",
        "owner": "hrsh7th",
        "repo": "nvim-cmp",
        "rev": "d93104244c3834fbd8f3dd01da9729920e0b5fe7",
        "type": "github"
      },
      "original": {
        "owner": "hrsh7th",
        "repo": "nvim-cmp",
        "type": "github"
      }
    },
    "rnix-lsp": {
      "inputs": {
        "naersk": "naersk",
        "nixpkgs": "nixpkgs_6",
        "utils": "utils"
      },
      "locked": {
        "lastModified": 1636977689,
        "narHash": "sha256-pQmAxKBoEhC851iRsowMErz9CYiJxGpARjhPeSapH1Y=",
        "owner": "nix-community",
        "repo": "rnix-lsp",
        "rev": "9462b0d20325a06f7e43b5a0469ec2c92e60f5fe",
        "type": "github"
      },
      "original": {
        "owner": "nix-community",
        "repo": "rnix-lsp",
        "type": "github"
      }
    },
    "rnix-lsp_2": {
      "inputs": {
        "naersk": "naersk_2",
        "nixpkgs": "nixpkgs_9",
        "utils": "utils_2"
      },
      "locked": {
        "lastModified": 1642460188,
        "narHash": "sha256-Kn4lBL+A9ESDW+sxBgzTHbGxys6y61LjcW1oHiVwcmk=",
        "owner": "Ma27",
        "repo": "rnix-lsp",
        "rev": "01b3623b49284d87a034676d3f4b298e495190dd",
        "type": "github"
      },
      "original": {
        "owner": "Ma27",
        "ref": "01b3623b49284d87a034676d3f4b298e495190dd",
        "repo": "rnix-lsp",
        "type": "github"
      }
    },
    "root": {
      "inputs": {
        "DSL": "DSL",
        "blamer-nvim-src": "blamer-nvim-src",
        "cmp-buffer": "cmp-buffer_2",
        "cmp-nvim-lsp": "cmp-nvim-lsp",
        "comment-nvim-src": "comment-nvim-src",
        "dracula-nvim": "dracula-nvim_2",
        "fidget-src": "fidget-src",
        "flake-utils": "flake-utils_3",
        "neogen-src": "neogen-src",
        "neovim": "neovim_2",
        "nix2vim": "nix2vim",
        "nixpkgs": "nixpkgs_7",
        "nvim-cmp": "nvim-cmp_2",
        "rnix-lsp": "rnix-lsp_2",
        "rust-tools-src": "rust-tools-src",
        "telescope-src": "telescope-src_2",
        "telescope-ui-select-src": "telescope-ui-select-src"
      }
    },
    "rust-tools-src": {
      "flake": false,
      "locked": {
        "lastModified": 1642993162,
        "narHash": "sha256-ZlGPTDTiygtpTZAjBcPGzkycn+SMzkkiqEXeB0qIb0g=",
        "owner": "simrat39",
        "repo": "rust-tools.nvim",
        "rev": "876089969aa8ccf8784039f7d6e6b4cab6d4a2b1",
        "type": "github"
      },
      "original": {
        "owner": "simrat39",
        "repo": "rust-tools.nvim",
        "type": "github"
      }
    },
    "telescope-src": {
      "flake": false,
      "locked": {
        "lastModified": 1637963031,
        "narHash": "sha256-N0sa8Y9vn/2P8B7O4P/5DBlDYKDyz9uORmATg/WQewY=",
        "owner": "nvim-telescope",
        "repo": "telescope.nvim",
        "rev": "b415e862bf248d66c40e242de4a0c76c68e278f1",
        "type": "github"
      },
      "original": {
        "owner": "nvim-telescope",
        "repo": "telescope.nvim",
        "type": "github"
      }
    },
    "telescope-src_2": {
      "flake": false,
      "locked": {
        "lastModified": 1644911516,
        "narHash": "sha256-aTNioZAu8zfPsiTLxn2JrBkpmgGuJZQ88oRG6w8o3Wc=",
        "owner": "nvim-telescope",
        "repo": "telescope.nvim",
        "rev": "df0b35c8bc0944164828ccba8ea17941423c6725",
        "type": "github"
      },
      "original": {
        "owner": "nvim-telescope",
        "repo": "telescope.nvim",
        "type": "github"
      }
    },
    "telescope-ui-select-src": {
      "flake": false,
      "locked": {
        "lastModified": 1636895558,
        "narHash": "sha256-RKwoXrIWhW29kPEyQSGDg+0kcxCXPEl+U+DmuAgHhNM=",
        "owner": "nvim-telescope",
        "repo": "telescope-ui-select.nvim",
        "rev": "d02a3d3a6b3f6b933c43a28668ae18f78846d3aa",
        "type": "github"
      },
      "original": {
        "owner": "nvim-telescope",
        "repo": "telescope-ui-select.nvim",
        "type": "github"
      }
    },
    "treesitter-context": {
      "flake": false,
      "locked": {
        "lastModified": 1633409098,
        "narHash": "sha256-lPKOcmeXyjsEDjdZedxgP6oExV+839cpr9qlpiti43U=",
        "owner": "romgrk",
        "repo": "nvim-treesitter-context",
        "rev": "e1f54e1627176337b3803a11403ac0e9d09de818",
        "type": "github"
      },
      "original": {
        "owner": "romgrk",
        "repo": "nvim-treesitter-context",
        "type": "github"
      }
    },
    "utils": {
      "locked": {
        "lastModified": 1629481132,
        "narHash": "sha256-JHgasjPR0/J1J3DRm4KxM4zTyAj4IOJY8vIl75v/kPI=",
        "owner": "numtide",
        "repo": "flake-utils",
        "rev": "997f7efcb746a9c140ce1f13c72263189225f482",
        "type": "github"
      },
      "original": {
        "owner": "numtide",
        "repo": "flake-utils",
        "type": "github"
      }
    },
    "utils_2": {
      "locked": {
        "lastModified": 1638122382,
        "narHash": "sha256-sQzZzAbvKEqN9s0bzWuYmRaA03v40gaJ4+iL1LXjaeI=",
        "owner": "numtide",
        "repo": "flake-utils",
        "rev": "74f7e4319258e287b0f9cb95426c9853b282730b",
        "type": "github"
      },
      "original": {
        "owner": "numtide",
        "repo": "flake-utils",
        "type": "github"
      }
    }
  },
  "root": "root",
  "version": 7
}
